// !$*UTF8*$!
{
	archiveVersion = 1;
	classes = {
	};
	objectVersion = 56;
	objects = {

/* Begin PBXBuildFile section */
		0A69D11F2C021EEE00D1CBB8 /* Env.swift in Sources */ = {isa = PBXBuildFile; fileRef = 0A69D11E2C021EEE00D1CBB8 /* Env.swift */; };
		0A69D1222C024BBC00D1CBB8 /* IRepository.swift in Sources */ = {isa = PBXBuildFile; fileRef = 0A69D1212C024BBC00D1CBB8 /* IRepository.swift */; };
		0A69D1242C024CCC00D1CBB8 /* UserRepository.swift in Sources */ = {isa = PBXBuildFile; fileRef = 0A69D1232C024CCC00D1CBB8 /* UserRepository.swift */; };
		0A69D1262C02ED6600D1CBB8 /* NetworkMonitor.swift in Sources */ = {isa = PBXBuildFile; fileRef = 0A69D1252C02ED6600D1CBB8 /* NetworkMonitor.swift */; };
		0A69D1292C03075400D1CBB8 /* Cache.swift in Sources */ = {isa = PBXBuildFile; fileRef = 0A69D1282C03075400D1CBB8 /* Cache.swift */; };
		0A69D12B2C03076F00D1CBB8 /* CacheEntity.swift in Sources */ = {isa = PBXBuildFile; fileRef = 0A69D12A2C03076F00D1CBB8 /* CacheEntity.swift */; };
		0A69D12D2C03079C00D1CBB8 /* CacheImplementation.swift in Sources */ = {isa = PBXBuildFile; fileRef = 0A69D12C2C03079C00D1CBB8 /* CacheImplementation.swift */; };
		0A69D12F2C0307BB00D1CBB8 /* KeysTracker.swift in Sources */ = {isa = PBXBuildFile; fileRef = 0A69D12E2C0307BB00D1CBB8 /* KeysTracker.swift */; };
		0A69D1312C030EC200D1CBB8 /* UIState.swift in Sources */ = {isa = PBXBuildFile; fileRef = 0A69D1302C030EC200D1CBB8 /* UIState.swift */; };
		0AD5A2C62BFED646004C16CE /* UserDetailView.swift in Sources */ = {isa = PBXBuildFile; fileRef = 0AD5A2C52BFED646004C16CE /* UserDetailView.swift */; };
		0AD5A2C82BFED69F004C16CE /* UserModel.swift in Sources */ = {isa = PBXBuildFile; fileRef = 0AD5A2C72BFED69F004C16CE /* UserModel.swift */; };
		0AD5A2CA2BFED894004C16CE /* AddUserView.swift in Sources */ = {isa = PBXBuildFile; fileRef = 0AD5A2C92BFED894004C16CE /* AddUserView.swift */; };
		FCC391852BFDB9210062075D /* NetworkTryApp.swift in Sources */ = {isa = PBXBuildFile; fileRef = FCC391842BFDB9210062075D /* NetworkTryApp.swift */; };
		FCC391872BFDB9210062075D /* UserListScreen.swift in Sources */ = {isa = PBXBuildFile; fileRef = FCC391862BFDB9210062075D /* UserListScreen.swift */; };
		FCC391892BFDB9230062075D /* Assets.xcassets in Resources */ = {isa = PBXBuildFile; fileRef = FCC391882BFDB9230062075D /* Assets.xcassets */; };
		FCC3918C2BFDB9230062075D /* Preview Assets.xcassets in Resources */ = {isa = PBXBuildFile; fileRef = FCC3918B2BFDB9230062075D /* Preview Assets.xcassets */; };
		FCC391932BFDBAB60062075D /* NetworkManger.swift in Sources */ = {isa = PBXBuildFile; fileRef = FCC391922BFDBAB60062075D /* NetworkManger.swift */; };
		FCC391952BFDBBAE0062075D /* UserViewModel.swift in Sources */ = {isa = PBXBuildFile; fileRef = FCC391942BFDBBAE0062075D /* UserViewModel.swift */; };
		FCC391972BFDBBE60062075D /* JokeModel.swift in Sources */ = {isa = PBXBuildFile; fileRef = FCC391962BFDBBE60062075D /* JokeModel.swift */; };
/* End PBXBuildFile section */

/* Begin PBXFileReference section */
		0A69D11E2C021EEE00D1CBB8 /* Env.swift */ = {isa = PBXFileReference; lastKnownFileType = sourcecode.swift; path = Env.swift; sourceTree = "<group>"; };
		0A69D1202C021F7800D1CBB8 /* Info.plist */ = {isa = PBXFileReference; lastKnownFileType = text.plist; path = Info.plist; sourceTree = "<group>"; };
		0A69D1212C024BBC00D1CBB8 /* IRepository.swift */ = {isa = PBXFileReference; lastKnownFileType = sourcecode.swift; path = IRepository.swift; sourceTree = "<group>"; };
		0A69D1232C024CCC00D1CBB8 /* UserRepository.swift */ = {isa = PBXFileReference; lastKnownFileType = sourcecode.swift; path = UserRepository.swift; sourceTree = "<group>"; };
		0A69D1252C02ED6600D1CBB8 /* NetworkMonitor.swift */ = {isa = PBXFileReference; lastKnownFileType = sourcecode.swift; path = NetworkMonitor.swift; sourceTree = "<group>"; };
		0A69D1282C03075400D1CBB8 /* Cache.swift */ = {isa = PBXFileReference; lastKnownFileType = sourcecode.swift; path = Cache.swift; sourceTree = "<group>"; };
		0A69D12A2C03076F00D1CBB8 /* CacheEntity.swift */ = {isa = PBXFileReference; lastKnownFileType = sourcecode.swift; path = CacheEntity.swift; sourceTree = "<group>"; };
		0A69D12C2C03079C00D1CBB8 /* CacheImplementation.swift */ = {isa = PBXFileReference; lastKnownFileType = sourcecode.swift; path = CacheImplementation.swift; sourceTree = "<group>"; };
		0A69D12E2C0307BB00D1CBB8 /* KeysTracker.swift */ = {isa = PBXFileReference; lastKnownFileType = sourcecode.swift; path = KeysTracker.swift; sourceTree = "<group>"; };
		0A69D1302C030EC200D1CBB8 /* UIState.swift */ = {isa = PBXFileReference; lastKnownFileType = sourcecode.swift; path = UIState.swift; sourceTree = "<group>"; };
		0AD5A2C52BFED646004C16CE /* UserDetailView.swift */ = {isa = PBXFileReference; lastKnownFileType = sourcecode.swift; path = UserDetailView.swift; sourceTree = "<group>"; };
		0AD5A2C72BFED69F004C16CE /* UserModel.swift */ = {isa = PBXFileReference; lastKnownFileType = sourcecode.swift; path = UserModel.swift; sourceTree = "<group>"; };
		0AD5A2C92BFED894004C16CE /* AddUserView.swift */ = {isa = PBXFileReference; lastKnownFileType = sourcecode.swift; path = AddUserView.swift; sourceTree = "<group>"; };
		FCC391812BFDB9210062075D /* NetworkTry.app */ = {isa = PBXFileReference; explicitFileType = wrapper.application; includeInIndex = 0; path = NetworkTry.app; sourceTree = BUILT_PRODUCTS_DIR; };
		FCC391842BFDB9210062075D /* NetworkTryApp.swift */ = {isa = PBXFileReference; lastKnownFileType = sourcecode.swift; path = NetworkTryApp.swift; sourceTree = "<group>"; };
		FCC391862BFDB9210062075D /* UserListScreen.swift */ = {isa = PBXFileReference; lastKnownFileType = sourcecode.swift; path = UserListScreen.swift; sourceTree = "<group>"; };
		FCC391882BFDB9230062075D /* Assets.xcassets */ = {isa = PBXFileReference; lastKnownFileType = folder.assetcatalog; path = Assets.xcassets; sourceTree = "<group>"; };
		FCC3918B2BFDB9230062075D /* Preview Assets.xcassets */ = {isa = PBXFileReference; lastKnownFileType = folder.assetcatalog; path = "Preview Assets.xcassets"; sourceTree = "<group>"; };
		FCC391922BFDBAB60062075D /* NetworkManger.swift */ = {isa = PBXFileReference; lastKnownFileType = sourcecode.swift; path = NetworkManger.swift; sourceTree = "<group>"; };
		FCC391942BFDBBAE0062075D /* UserViewModel.swift */ = {isa = PBXFileReference; lastKnownFileType = sourcecode.swift; path = UserViewModel.swift; sourceTree = "<group>"; };
		FCC391962BFDBBE60062075D /* JokeModel.swift */ = {isa = PBXFileReference; lastKnownFileType = sourcecode.swift; path = JokeModel.swift; sourceTree = "<group>"; };
/* End PBXFileReference section */

/* Begin PBXFrameworksBuildPhase section */
		FCC3917E2BFDB9210062075D /* Frameworks */ = {
			isa = PBXFrameworksBuildPhase;
			buildActionMask = 2147483647;
			files = (
			);
			runOnlyForDeploymentPostprocessing = 0;
		};
/* End PBXFrameworksBuildPhase section */

/* Begin PBXGroup section */
		0A69D1172C019DB600D1CBB8 /* Screens */ = {
			isa = PBXGroup;
			children = (
				0A69D1182C019DE400D1CBB8 /* Components */,
				FCC391862BFDB9210062075D /* UserListScreen.swift */,
			);
			path = Screens;
			sourceTree = "<group>";
		};
		0A69D1182C019DE400D1CBB8 /* Components */ = {
			isa = PBXGroup;
			children = (
				0AD5A2C92BFED894004C16CE /* AddUserView.swift */,
				0AD5A2C52BFED646004C16CE /* UserDetailView.swift */,
			);
			path = Components;
			sourceTree = "<group>";
		};
		0A69D1192C019E0200D1CBB8 /* Model */ = {
			isa = PBXGroup;
			children = (
				FCC391962BFDBBE60062075D /* JokeModel.swift */,
				0AD5A2C72BFED69F004C16CE /* UserModel.swift */,
				0A69D1302C030EC200D1CBB8 /* UIState.swift */,
			);
			path = Model;
			sourceTree = "<group>";
		};
		0A69D11A2C019E2200D1CBB8 /* ViewModel */ = {
			isa = PBXGroup;
			children = (
				FCC391942BFDBBAE0062075D /* UserViewModel.swift */,
			);
			path = ViewModel;
			sourceTree = "<group>";
		};
		0A69D11B2C019E3400D1CBB8 /* Networks */ = {
			isa = PBXGroup;
			children = (
				0A69D1272C02F12C00D1CBB8 /* Cache */,
				0A69D1212C024BBC00D1CBB8 /* IRepository.swift */,
				FCC391922BFDBAB60062075D /* NetworkManger.swift */,
				0A69D1232C024CCC00D1CBB8 /* UserRepository.swift */,
			);
			path = Networks;
			sourceTree = "<group>";
		};
		0A69D11C2C021EBD00D1CBB8 /* Resources */ = {
			isa = PBXGroup;
			children = (
				0A69D11D2C021EC700D1CBB8 /* Helpers */,
			);
			path = Resources;
			sourceTree = "<group>";
		};
		0A69D11D2C021EC700D1CBB8 /* Helpers */ = {
			isa = PBXGroup;
			children = (
				0A69D11E2C021EEE00D1CBB8 /* Env.swift */,
			);
			path = Helpers;
			sourceTree = "<group>";
		};
		0A69D1272C02F12C00D1CBB8 /* Cache */ = {
			isa = PBXGroup;
			children = (
				0A69D1252C02ED6600D1CBB8 /* NetworkMonitor.swift */,
				0A69D1282C03075400D1CBB8 /* Cache.swift */,
				0A69D12A2C03076F00D1CBB8 /* CacheEntity.swift */,
				0A69D12C2C03079C00D1CBB8 /* CacheImplementation.swift */,
				0A69D12E2C0307BB00D1CBB8 /* KeysTracker.swift */,
			);
			path = Cache;
			sourceTree = "<group>";
		};
		FCC391782BFDB9210062075D = {
			isa = PBXGroup;
			children = (
				FCC391832BFDB9210062075D /* NetworkTry */,
				FCC391822BFDB9210062075D /* Products */,
			);
			sourceTree = "<group>";
		};
		FCC391822BFDB9210062075D /* Products */ = {
			isa = PBXGroup;
			children = (
				FCC391812BFDB9210062075D /* NetworkTry.app */,
			);
			name = Products;
			sourceTree = "<group>";
		};
		FCC391832BFDB9210062075D /* NetworkTry */ = {
			isa = PBXGroup;
			children = (
				0A69D1202C021F7800D1CBB8 /* Info.plist */,
				0A69D11C2C021EBD00D1CBB8 /* Resources */,
				0A69D11B2C019E3400D1CBB8 /* Networks */,
				0A69D11A2C019E2200D1CBB8 /* ViewModel */,
				0A69D1192C019E0200D1CBB8 /* Model */,
				0A69D1172C019DB600D1CBB8 /* Screens */,
				FCC391842BFDB9210062075D /* NetworkTryApp.swift */,
				FCC391882BFDB9230062075D /* Assets.xcassets */,
				FCC3918A2BFDB9230062075D /* Preview Content */,
			);
			path = NetworkTry;
			sourceTree = "<group>";
		};
		FCC3918A2BFDB9230062075D /* Preview Content */ = {
			isa = PBXGroup;
			children = (
				FCC3918B2BFDB9230062075D /* Preview Assets.xcassets */,
			);
			path = "Preview Content";
			sourceTree = "<group>";
		};
/* End PBXGroup section */

/* Begin PBXNativeTarget section */
		FCC391802BFDB9210062075D /* NetworkTry */ = {
			isa = PBXNativeTarget;
			buildConfigurationList = FCC3918F2BFDB9230062075D /* Build configuration list for PBXNativeTarget "NetworkTry" */;
			buildPhases = (
				FCC3917D2BFDB9210062075D /* Sources */,
				FCC3917E2BFDB9210062075D /* Frameworks */,
				FCC3917F2BFDB9210062075D /* Resources */,
			);
			buildRules = (
			);
			dependencies = (
			);
			name = NetworkTry;
			productName = NetworkTry;
			productReference = FCC391812BFDB9210062075D /* NetworkTry.app */;
			productType = "com.apple.product-type.application";
		};
/* End PBXNativeTarget section */

/* Begin PBXProject section */
		FCC391792BFDB9210062075D /* Project object */ = {
			isa = PBXProject;
			attributes = {
				BuildIndependentTargetsInParallel = 1;
				LastSwiftUpdateCheck = 1530;
				LastUpgradeCheck = 1530;
				TargetAttributes = {
					FCC391802BFDB9210062075D = {
						CreatedOnToolsVersion = 15.3;
					};
				};
			};
			buildConfigurationList = FCC3917C2BFDB9210062075D /* Build configuration list for PBXProject "NetworkTry" */;
			compatibilityVersion = "Xcode 14.0";
			developmentRegion = en;
			hasScannedForEncodings = 0;
			knownRegions = (
				en,
				Base,
			);
			mainGroup = FCC391782BFDB9210062075D;
			productRefGroup = FCC391822BFDB9210062075D /* Products */;
			projectDirPath = "";
			projectRoot = "";
			targets = (
				FCC391802BFDB9210062075D /* NetworkTry */,
			);
		};
/* End PBXProject section */

/* Begin PBXResourcesBuildPhase section */
		FCC3917F2BFDB9210062075D /* Resources */ = {
			isa = PBXResourcesBuildPhase;
			buildActionMask = 2147483647;
			files = (
				FCC3918C2BFDB9230062075D /* Preview Assets.xcassets in Resources */,
				FCC391892BFDB9230062075D /* Assets.xcassets in Resources */,
			);
			runOnlyForDeploymentPostprocessing = 0;
		};
/* End PBXResourcesBuildPhase section */

/* Begin PBXSourcesBuildPhase section */
		FCC3917D2BFDB9210062075D /* Sources */ = {
			isa = PBXSourcesBuildPhase;
			buildActionMask = 2147483647;
			files = (
				0A69D1242C024CCC00D1CBB8 /* UserRepository.swift in Sources */,
				0A69D1262C02ED6600D1CBB8 /* NetworkMonitor.swift in Sources */,
				FCC391932BFDBAB60062075D /* NetworkManger.swift in Sources */,
				0AD5A2C82BFED69F004C16CE /* UserModel.swift in Sources */,
				0A69D12F2C0307BB00D1CBB8 /* KeysTracker.swift in Sources */,
				FCC391872BFDB9210062075D /* UserListScreen.swift in Sources */,
				0A69D12B2C03076F00D1CBB8 /* CacheEntity.swift in Sources */,
				0A69D1312C030EC200D1CBB8 /* UIState.swift in Sources */,
				0A69D11F2C021EEE00D1CBB8 /* Env.swift in Sources */,
				0A69D12D2C03079C00D1CBB8 /* CacheImplementation.swift in Sources */,
				0A69D1292C03075400D1CBB8 /* Cache.swift in Sources */,
				FCC391972BFDBBE60062075D /* JokeModel.swift in Sources */,
				FCC391952BFDBBAE0062075D /* UserViewModel.swift in Sources */,
				0AD5A2C62BFED646004C16CE /* UserDetailView.swift in Sources */,
				FCC391852BFDB9210062075D /* NetworkTryApp.swift in Sources */,
				0AD5A2CA2BFED894004C16CE /* AddUserView.swift in Sources */,
				0A69D1222C024BBC00D1CBB8 /* IRepository.swift in Sources */,
			);
			runOnlyForDeploymentPostprocessing = 0;
		};
/* End PBXSourcesBuildPhase section */

/* Begin XCBuildConfiguration section */
		FCC3918D2BFDB9230062075D /* Debug */ = {
			isa = XCBuildConfiguration;
			buildSettings = {
				ALWAYS_SEARCH_USER_PATHS = NO;
				ASSETCATALOG_COMPILER_GENERATE_SWIFT_ASSET_SYMBOL_EXTENSIONS = YES;
				CLANG_ANALYZER_NONNULL = YES;
				CLANG_ANALYZER_NUMBER_OBJECT_CONVERSION = YES_AGGRESSIVE;
				CLANG_CXX_LANGUAGE_STANDARD = "gnu++20";
				CLANG_ENABLE_MODULES = YES;
				CLANG_ENABLE_OBJC_ARC = YES;
				CLANG_ENABLE_OBJC_WEAK = YES;
				CLANG_WARN_BLOCK_CAPTURE_AUTORELEASING = YES;
				CLANG_WARN_BOOL_CONVERSION = YES;
				CLANG_WARN_COMMA = YES;
				CLANG_WARN_CONSTANT_CONVERSION = YES;
				CLANG_WARN_DEPRECATED_OBJC_IMPLEMENTATIONS = YES;
				CLANG_WARN_DIRECT_OBJC_ISA_USAGE = YES_ERROR;
				CLANG_WARN_DOCUMENTATION_COMMENTS = YES;
				CLANG_WARN_EMPTY_BODY = YES;
				CLANG_WARN_ENUM_CONVERSION = YES;
				CLANG_WARN_INFINITE_RECURSION = YES;
				CLANG_WARN_INT_CONVERSION = YES;
				CLANG_WARN_NON_LITERAL_NULL_CONVERSION = YES;
				CLANG_WARN_OBJC_IMPLICIT_RETAIN_SELF = YES;
				CLANG_WARN_OBJC_LITERAL_CONVERSION = YES;
				CLANG_WARN_OBJC_ROOT_CLASS = YES_ERROR;
				CLANG_WARN_QUOTED_INCLUDE_IN_FRAMEWORK_HEADER = YES;
				CLANG_WARN_RANGE_LOOP_ANALYSIS = YES;
				CLANG_WARN_STRICT_PROTOTYPES = YES;
				CLANG_WARN_SUSPICIOUS_MOVE = YES;
				CLANG_WARN_UNGUARDED_AVAILABILITY = YES_AGGRESSIVE;
				CLANG_WARN_UNREACHABLE_CODE = YES;
				CLANG_WARN__DUPLICATE_METHOD_MATCH = YES;
				COPY_PHASE_STRIP = NO;
				DEBUG_INFORMATION_FORMAT = dwarf;
				ENABLE_STRICT_OBJC_MSGSEND = YES;
				ENABLE_TESTABILITY = YES;
				ENABLE_USER_SCRIPT_SANDBOXING = YES;
				GCC_C_LANGUAGE_STANDARD = gnu17;
				GCC_DYNAMIC_NO_PIC = NO;
				GCC_NO_COMMON_BLOCKS = YES;
				GCC_OPTIMIZATION_LEVEL = 0;
				GCC_PREPROCESSOR_DEFINITIONS = (
					"DEBUG=1",
					"$(inherited)",
				);
				GCC_WARN_64_TO_32_BIT_CONVERSION = YES;
				GCC_WARN_ABOUT_RETURN_TYPE = YES_ERROR;
				GCC_WARN_UNDECLARED_SELECTOR = YES;
				GCC_WARN_UNINITIALIZED_AUTOS = YES_AGGRESSIVE;
				GCC_WARN_UNUSED_FUNCTION = YES;
				GCC_WARN_UNUSED_VARIABLE = YES;
				IPHONEOS_DEPLOYMENT_TARGET = 17.4;
				LOCALIZATION_PREFERS_STRING_CATALOGS = YES;
				MTL_ENABLE_DEBUG_INFO = INCLUDE_SOURCE;
				MTL_FAST_MATH = YES;
				ONLY_ACTIVE_ARCH = YES;
				SDKROOT = iphoneos;
				SWIFT_ACTIVE_COMPILATION_CONDITIONS = "DEBUG $(inherited)";
				SWIFT_OPTIMIZATION_LEVEL = "-Onone";
			};
			name = Debug;
		};
		FCC3918E2BFDB9230062075D /* Release */ = {
			isa = XCBuildConfiguration;
			buildSettings = {
				ALWAYS_SEARCH_USER_PATHS = NO;
				ASSETCATALOG_COMPILER_GENERATE_SWIFT_ASSET_SYMBOL_EXTENSIONS = YES;
				CLANG_ANALYZER_NONNULL = YES;
				CLANG_ANALYZER_NUMBER_OBJECT_CONVERSION = YES_AGGRESSIVE;
				CLANG_CXX_LANGUAGE_STANDARD = "gnu++20";
				CLANG_ENABLE_MODULES = YES;
				CLANG_ENABLE_OBJC_ARC = YES;
				CLANG_ENABLE_OBJC_WEAK = YES;
				CLANG_WARN_BLOCK_CAPTURE_AUTORELEASING = YES;
				CLANG_WARN_BOOL_CONVERSION = YES;
				CLANG_WARN_COMMA = YES;
				CLANG_WARN_CONSTANT_CONVERSION = YES;
				CLANG_WARN_DEPRECATED_OBJC_IMPLEMENTATIONS = YES;
				CLANG_WARN_DIRECT_OBJC_ISA_USAGE = YES_ERROR;
				CLANG_WARN_DOCUMENTATION_COMMENTS = YES;
				CLANG_WARN_EMPTY_BODY = YES;
				CLANG_WARN_ENUM_CONVERSION = YES;
				CLANG_WARN_INFINITE_RECURSION = YES;
				CLANG_WARN_INT_CONVERSION = YES;
				CLANG_WARN_NON_LITERAL_NULL_CONVERSION = YES;
				CLANG_WARN_OBJC_IMPLICIT_RETAIN_SELF = YES;
				CLANG_WARN_OBJC_LITERAL_CONVERSION = YES;
				CLANG_WARN_OBJC_ROOT_CLASS = YES_ERROR;
				CLANG_WARN_QUOTED_INCLUDE_IN_FRAMEWORK_HEADER = YES;
				CLANG_WARN_RANGE_LOOP_ANALYSIS = YES;
				CLANG_WARN_STRICT_PROTOTYPES = YES;
				CLANG_WARN_SUSPICIOUS_MOVE = YES;
				CLANG_WARN_UNGUARDED_AVAILABILITY = YES_AGGRESSIVE;
				CLANG_WARN_UNREACHABLE_CODE = YES;
				CLANG_WARN__DUPLICATE_METHOD_MATCH = YES;
				COPY_PHASE_STRIP = NO;
				DEBUG_INFORMATION_FORMAT = "dwarf-with-dsym";
				ENABLE_NS_ASSERTIONS = NO;
				ENABLE_STRICT_OBJC_MSGSEND = YES;
				ENABLE_USER_SCRIPT_SANDBOXING = YES;
				GCC_C_LANGUAGE_STANDARD = gnu17;
				GCC_NO_COMMON_BLOCKS = YES;
				GCC_WARN_64_TO_32_BIT_CONVERSION = YES;
				GCC_WARN_ABOUT_RETURN_TYPE = YES_ERROR;
				GCC_WARN_UNDECLARED_SELECTOR = YES;
				GCC_WARN_UNINITIALIZED_AUTOS = YES_AGGRESSIVE;
				GCC_WARN_UNUSED_FUNCTION = YES;
				GCC_WARN_UNUSED_VARIABLE = YES;
				IPHONEOS_DEPLOYMENT_TARGET = 17.4;
				LOCALIZATION_PREFERS_STRING_CATALOGS = YES;
				MTL_ENABLE_DEBUG_INFO = NO;
				MTL_FAST_MATH = YES;
				SDKROOT = iphoneos;
				SWIFT_COMPILATION_MODE = wholemodule;
				VALIDATE_PRODUCT = YES;
			};
			name = Release;
		};
		FCC391902BFDB9230062075D /* Debug */ = {
			isa = XCBuildConfiguration;
			buildSettings = {
				ASSETCATALOG_COMPILER_APPICON_NAME = AppIcon;
				ASSETCATALOG_COMPILER_GLOBAL_ACCENT_COLOR_NAME = AccentColor;
				CODE_SIGN_STYLE = Automatic;
				CURRENT_PROJECT_VERSION = 1;
				DEVELOPMENT_ASSET_PATHS = "\"NetworkTry/Preview Content\"";
				ENABLE_PREVIEWS = YES;
				GENERATE_INFOPLIST_FILE = YES;
				INFOPLIST_FILE = NetworkTry/Info.plist;
				INFOPLIST_KEY_UIApplicationSceneManifest_Generation = YES;
				INFOPLIST_KEY_UIApplicationSupportsIndirectInputEvents = YES;
				INFOPLIST_KEY_UILaunchScreen_Generation = YES;
				INFOPLIST_KEY_UISupportedInterfaceOrientations_iPad = "UIInterfaceOrientationPortrait UIInterfaceOrientationPortraitUpsideDown UIInterfaceOrientationLandscapeLeft UIInterfaceOrientationLandscapeRight";
				INFOPLIST_KEY_UISupportedInterfaceOrientations_iPhone = "UIInterfaceOrientationPortrait UIInterfaceOrientationLandscapeLeft UIInterfaceOrientationLandscapeRight";
				LD_RUNPATH_SEARCH_PATHS = (
					"$(inherited)",
					"@executable_path/Frameworks",
				);
				MARKETING_VERSION = 1.0;
				PRODUCT_BUNDLE_IDENTIFIER = com.softzino.NetworkTry;
				PRODUCT_NAME = "$(TARGET_NAME)";
				SWIFT_EMIT_LOC_STRINGS = YES;
				SWIFT_VERSION = 5.0;
				TARGETED_DEVICE_FAMILY = "1,2";
			};
			name = Debug;
		};
		FCC391912BFDB9230062075D /* Release */ = {
			isa = XCBuildConfiguration;
			buildSettings = {
				ASSETCATALOG_COMPILER_APPICON_NAME = AppIcon;
				ASSETCATALOG_COMPILER_GLOBAL_ACCENT_COLOR_NAME = AccentColor;
				CODE_SIGN_STYLE = Automatic;
				CURRENT_PROJECT_VERSION = 1;
				DEVELOPMENT_ASSET_PATHS = "\"NetworkTry/Preview Content\"";
				ENABLE_PREVIEWS = YES;
				GENERATE_INFOPLIST_FILE = YES;
				INFOPLIST_FILE = NetworkTry/Info.plist;
				INFOPLIST_KEY_UIApplicationSceneManifest_Generation = YES;
				INFOPLIST_KEY_UIApplicationSupportsIndirectInputEvents = YES;
				INFOPLIST_KEY_UILaunchScreen_Generation = YES;
				INFOPLIST_KEY_UISupportedInterfaceOrientations_iPad = "UIInterfaceOrientationPortrait UIInterfaceOrientationPortraitUpsideDown UIInterfaceOrientationLandscapeLeft UIInterfaceOrientationLandscapeRight";
				INFOPLIST_KEY_UISupportedInterfaceOrientations_iPhone = "UIInterfaceOrientationPortrait UIInterfaceOrientationLandscapeLeft UIInterfaceOrientationLandscapeRight";
				LD_RUNPATH_SEARCH_PATHS = (
					"$(inherited)",
					"@executable_path/Frameworks",
				);
				MARKETING_VERSION = 1.0;
				PRODUCT_BUNDLE_IDENTIFIER = com.softzino.NetworkTry;
				PRODUCT_NAME = "$(TARGET_NAME)";
				SWIFT_EMIT_LOC_STRINGS = YES;
				SWIFT_VERSION = 5.0;
				TARGETED_DEVICE_FAMILY = "1,2";
			};
			name = Release;
		};
/* End XCBuildConfiguration section */

/* Begin XCConfigurationList section */
		FCC3917C2BFDB9210062075D /* Build configuration list for PBXProject "NetworkTry" */ = {
			isa = XCConfigurationList;
			buildConfigurations = (
				FCC3918D2BFDB9230062075D /* Debug */,
				FCC3918E2BFDB9230062075D /* Release */,
			);
			defaultConfigurationIsVisible = 0;
			defaultConfigurationName = Release;
		};
		FCC3918F2BFDB9230062075D /* Build configuration list for PBXNativeTarget "NetworkTry" */ = {
			isa = XCConfigurationList;
			buildConfigurations = (
				FCC391902BFDB9230062075D /* Debug */,
				FCC391912BFDB9230062075D /* Release */,
			);
			defaultConfigurationIsVisible = 0;
			defaultConfigurationName = Release;
		};
/* End XCConfigurationList section */
	};
	rootObject = FCC391792BFDB9210062075D /* Project object */;
}
